
Microsoft Visual Studio Solution File, Format Version 12.00
# Visual Studio Version 17
VisualStudioVersion = 17.5.33502.453
MinimumVisualStudioVersion = 10.0.40219.1
Project("{FAE04EC0-301F-11D3-BF4B-00C04F79EFBC}") = "PortalDownloadsService", "PortalDownloadsService\PortalDownloadsService.csproj", "{A903E761-7947-4E50-B373-C0D76866C3A7}"
EndProject
Project("{FAE04EC0-301F-11D3-BF4B-00C04F79EFBC}") = "PDSWorker", "PDSWorker\PDSWorker.csproj", "{7FA1F51F-03C6-43C2-A9AF-2CC7D87B77FD}"
EndProject
Project("{FAE04EC0-301F-11D3-BF4B-00C04F79EFBC}") = "ScratchPad", "ScratchPad\ScratchPad.csproj", "{986650F3-10C4-4555-8BD6-C4E3FC74D086}"
EndProject
Global
	GlobalSection(SolutionConfigurationPlatforms) = preSolution
		Debug|Any CPU = Debug|Any CPU
		Release|Any CPU = Release|Any CPU
	EndGlobalSection
	GlobalSection(ProjectConfigurationPlatforms) = postSolution
		{A903E761-7947-4E50-B373-C0D76866C3A7}.Debug|Any CPU.ActiveCfg = Debug|Any CPU
		{A903E761-7947-4E50-B373-C0D76866C3A7}.Debug|Any CPU.Build.0 = Debug|Any CPU
		{A903E761-7947-4E50-B373-C0D76866C3A7}.Release|Any CPU.ActiveCfg = Release|Any CPU
		{A903E761-7947-4E50-B373-C0D76866C3A7}.Release|Any CPU.Build.0 = Release|Any CPU
		{7FA1F51F-03C6-43C2-A9AF-2CC7D87B77FD}.Debug|Any CPU.ActiveCfg = Debug|Any CPU
		{7FA1F51F-03C6-43C2-A9AF-2CC7D87B77FD}.Debug|Any CPU.Build.0 = Debug|Any CPU
		{7FA1F51F-03C6-43C2-A9AF-2CC7D87B77FD}.Release|Any CPU.ActiveCfg = Release|Any CPU
		{7FA1F51F-03C6-43C2-A9AF-2CC7D87B77FD}.Release|Any CPU.Build.0 = Release|Any CPU
		{986650F3-10C4-4555-8BD6-C4E3FC74D086}.Debug|Any CPU.ActiveCfg = Debug|Any CPU
		{986650F3-10C4-4555-8BD6-C4E3FC74D086}.Debug|Any CPU.Build.0 = Debug|Any CPU
		{986650F3-10C4-4555-8BD6-C4E3FC74D086}.Release|Any CPU.ActiveCfg = Release|Any CPU
		{986650F3-10C4-4555-8BD6-C4E3FC74D086}.Release|Any CPU.Build.0 = Release|Any CPU
	EndGlobalSection
	GlobalSection(SolutionProperties) = preSolution
		HideSolutionNode = FALSE
	EndGlobalSection
	GlobalSection(ExtensibilityGlobals) = postSolution
		SolutionGuid = {DFA7B3D2-E9BE-4D3D-A705-3969D1CF2847}
	EndGlobalSection
EndGlobal
